
Microsoft Visual Studio Solution File, Format Version 12.00
# Visual Studio Version 16
VisualStudioVersion = 16.0.32002.261
MinimumVisualStudioVersion = 10.0.40219.1
Project("{FAE04EC0-301F-11D3-BF4B-00C04F79EFBC}") = "FrmBeyazEsya", "FrmBeyazEsya.csproj", "{782A5937-A166-4B09-8F01-E9DC38C0EA6F}"
EndProject
Global
	GlobalSection(SolutionConfigurationPlatforms) = preSolution
		Debug|Any CPU = Debug|Any CPU
		Release|Any CPU = Release|Any CPU
	EndGlobalSection
	GlobalSection(ProjectConfigurationPlatforms) = postSolution
		{782A5937-A166-4B09-8F01-E9DC38C0EA6F}.Debug|Any CPU.ActiveCfg = Debug|Any CPU
		{782A5937-A166-4B09-8F01-E9DC38C0EA6F}.Debug|Any CPU.Build.0 = Debug|Any CPU
		{782A5937-A166-4B09-8F01-E9DC38C0EA6F}.Release|Any CPU.ActiveCfg = Release|Any CPU
		{782A5937-A166-4B09-8F01-E9DC38C0EA6F}.Release|Any CPU.Build.0 = Release|Any CPU
	EndGlobalSection
	GlobalSection(SolutionProperties) = preSolution
		HideSolutionNode = FALSE
	EndGlobalSection
	GlobalSection(ExtensibilityGlobals) = postSolution
		SolutionGuid = {61A5A138-B3BF-4269-A124-9D1C8E021EE4}
	EndGlobalSection
EndGlobal
